
Microsoft Visual Studio Solution File, Format Version 12.00
# Visual Studio Version 17
VisualStudioVersion = 17.14.36202.13
MinimumVisualStudioVersion = 10.0.40219.1
Project("{FAE04EC0-301F-11D3-BF4B-00C04F79EFBC}") = "MineSweeperClasses", "MineSweeperClasses\MineSweeperClasses.csproj", "{18F5CC32-D0BF-4397-A30B-836CDAEA5A0C}"
EndProject
Project("{FAE04EC0-301F-11D3-BF4B-00C04F79EFBC}") = "MineSweeperConsole1", "MineSweeperConsole1\MineSweeperConsole1.csproj", "{DAF23756-AAE7-4E82-AD66-40AFA375EDCD}"
EndProject
Global
	GlobalSection(SolutionConfigurationPlatforms) = preSolution
		Debug|Any CPU = Debug|Any CPU
		Release|Any CPU = Release|Any CPU
	EndGlobalSection
	GlobalSection(ProjectConfigurationPlatforms) = postSolution
		{18F5CC32-D0BF-4397-A30B-836CDAEA5A0C}.Debug|Any CPU.ActiveCfg = Debug|Any CPU
		{18F5CC32-D0BF-4397-A30B-836CDAEA5A0C}.Debug|Any CPU.Build.0 = Debug|Any CPU
		{18F5CC32-D0BF-4397-A30B-836CDAEA5A0C}.Release|Any CPU.ActiveCfg = Release|Any CPU
		{18F5CC32-D0BF-4397-A30B-836CDAEA5A0C}.Release|Any CPU.Build.0 = Release|Any CPU
		{DAF23756-AAE7-4E82-AD66-40AFA375EDCD}.Debug|Any CPU.ActiveCfg = Debug|Any CPU
		{DAF23756-AAE7-4E82-AD66-40AFA375EDCD}.Debug|Any CPU.Build.0 = Debug|Any CPU
		{DAF23756-AAE7-4E82-AD66-40AFA375EDCD}.Release|Any CPU.ActiveCfg = Release|Any CPU
		{DAF23756-AAE7-4E82-AD66-40AFA375EDCD}.Release|Any CPU.Build.0 = Release|Any CPU
	EndGlobalSection
	GlobalSection(SolutionProperties) = preSolution
		HideSolutionNode = FALSE
	EndGlobalSection
	GlobalSection(ExtensibilityGlobals) = postSolution
		SolutionGuid = {B7072C05-A569-4CC2-BB29-D12A4A794447}
	EndGlobalSection
EndGlobal
